{
    "_meta": {
        "hash": {
            "sha256": "5f0257fe8c7a73db1c8de519faa92c658282a01087eb2bfafba7962704c23e27"
        },
        "host-environment-markers": {
            "implementation_name": "cpython",
            "implementation_version": "0",
            "os_name": "nt",
            "platform_machine": "AMD64",
            "platform_python_implementation": "CPython",
            "platform_release": "2008ServerR2",
            "platform_system": "Windows",
            "platform_version": "6.1.7601",
            "python_full_version": "2.7.14",
            "python_version": "2.7",
            "sys_platform": "win32"
        },
        "pipfile-spec": 6,
        "requires": {},
        "sources": [
            {
                "name": "pypi",
                "url": "https://pypi.python.org/simple",
                "verify_ssl": true
            }
        ]
    },
    "default": {},
    "develop": {}
}
